
Microsoft Visual Studio Solution File, Format Version 12.00
# Visual Studio 15
VisualStudioVersion = 15.0.27130.2027
MinimumVisualStudioVersion = 10.0.40219.1
Project("{FAE04EC0-301F-11D3-BF4B-00C04F79EFBC}") = "weatherstation", "weatherstation\weatherstation.csproj", "{930C16E3-D0AC-4AB3-9BEF-07D7114363BE}"
EndProject
Global
	GlobalSection(SolutionConfigurationPlatforms) = preSolution
		Debug|Any CPU = Debug|Any CPU
		Release|Any CPU = Release|Any CPU
	EndGlobalSection
	GlobalSection(ProjectConfigurationPlatforms) = postSolution
		{930C16E3-D0AC-4AB3-9BEF-07D7114363BE}.Debug|Any CPU.ActiveCfg = Debug|Any CPU
		{930C16E3-D0AC-4AB3-9BEF-07D7114363BE}.Debug|Any CPU.Build.0 = Debug|Any CPU
		{930C16E3-D0AC-4AB3-9BEF-07D7114363BE}.Release|Any CPU.ActiveCfg = Release|Any CPU
		{930C16E3-D0AC-4AB3-9BEF-07D7114363BE}.Release|Any CPU.Build.0 = Release|Any CPU
	EndGlobalSection
	GlobalSection(SolutionProperties) = preSolution
		HideSolutionNode = FALSE
	EndGlobalSection
	GlobalSection(ExtensibilityGlobals) = postSolution
		SolutionGuid = {AEB2272C-939F-444D-A354-CE227091EA18}
	EndGlobalSection
EndGlobal
